
Microsoft Visual Studio Solution File, Format Version 12.00
# Visual Studio for Mac
Project("{FAE04EC0-301F-11D3-BF4B-00C04F79EFBC}") = "SlotChecker", "Assembly-CSharp.csproj", "{1B985A73-1F75-39C0-2CC3-D4F035D36270}"
EndProject
Project("{FAE04EC0-301F-11D3-BF4B-00C04F79EFBC}") = "SlotChecker", "Assembly-CSharp-Editor.csproj", "{211E00A3-E13A-65AF-105E-349A67956742}"
EndProject
Global
	GlobalSection(SolutionConfigurationPlatforms) = preSolution
		Debug|Any CPU = Debug|Any CPU
		Release|Any CPU = Release|Any CPU
	EndGlobalSection
	GlobalSection(ProjectConfigurationPlatforms) = postSolution
		{1B985A73-1F75-39C0-2CC3-D4F035D36270}.Debug|Any CPU.ActiveCfg = Debug|Any CPU
		{1B985A73-1F75-39C0-2CC3-D4F035D36270}.Debug|Any CPU.Build.0 = Debug|Any CPU
		{1B985A73-1F75-39C0-2CC3-D4F035D36270}.Release|Any CPU.ActiveCfg = Release|Any CPU
		{1B985A73-1F75-39C0-2CC3-D4F035D36270}.Release|Any CPU.Build.0 = Release|Any CPU
		{211E00A3-E13A-65AF-105E-349A67956742}.Debug|Any CPU.ActiveCfg = Debug|Any CPU
		{211E00A3-E13A-65AF-105E-349A67956742}.Debug|Any CPU.Build.0 = Debug|Any CPU
		{211E00A3-E13A-65AF-105E-349A67956742}.Release|Any CPU.ActiveCfg = Release|Any CPU
		{211E00A3-E13A-65AF-105E-349A67956742}.Release|Any CPU.Build.0 = Release|Any CPU
	EndGlobalSection
	GlobalSection(SolutionProperties) = preSolution
		HideSolutionNode = FALSE
	EndGlobalSection
EndGlobal
